
Microsoft Visual Studio Solution File, Format Version 12.00
# Visual Studio Version 16
VisualStudioVersion = 16.0.30011.22
MinimumVisualStudioVersion = 10.0.40219.1
Project("{FAE04EC0-301F-11D3-BF4B-00C04F79EFBC}") = "JustDialScraper.Ui", "JustDialScraper.Ui\JustDialScraper.Ui.csproj", "{0277E1C5-381D-49DA-A14E-87AEED398200}"
EndProject
Global
	GlobalSection(SolutionConfigurationPlatforms) = preSolution
		Debug|Any CPU = Debug|Any CPU
		Release|Any CPU = Release|Any CPU
	EndGlobalSection
	GlobalSection(ProjectConfigurationPlatforms) = postSolution
		{0277E1C5-381D-49DA-A14E-87AEED398200}.Debug|Any CPU.ActiveCfg = Debug|Any CPU
		{0277E1C5-381D-49DA-A14E-87AEED398200}.Debug|Any CPU.Build.0 = Debug|Any CPU
		{0277E1C5-381D-49DA-A14E-87AEED398200}.Release|Any CPU.ActiveCfg = Release|Any CPU
		{0277E1C5-381D-49DA-A14E-87AEED398200}.Release|Any CPU.Build.0 = Release|Any CPU
	EndGlobalSection
	GlobalSection(SolutionProperties) = preSolution
		HideSolutionNode = FALSE
	EndGlobalSection
	GlobalSection(ExtensibilityGlobals) = postSolution
		SolutionGuid = {98C0FF6C-26F0-466D-A52F-5AF19E933E1E}
	EndGlobalSection
EndGlobal
